<?xml version="1.0" encoding="UTF-8" standalone="yes" ?>
<CodeBlocks_project_file>
	<FileVersion major="1" minor="6" />
	<Project>
		<Option title="Trunfo++" />
		<Option pch_mode="2" />
		<Option compiler="gcc" />
		<Build>
			<Target title="Debug">
				<Option output="bin/Debug/Trunfo++" prefix_auto="1" extension_auto="1" />
				<Option object_output="obj/Debug/" />
				<Option type="1" />
				<Option compiler="gcc" />
				<Compiler>
					<Add option="-g" />
					<Add directory="src" />
				</Compiler>
			</Target>
			<Target title="Release">
				<Option output="bin/Release/Trunfo++" prefix_auto="1" extension_auto="1" />
				<Option object_output="obj/Release/" />
				<Option type="1" />
				<Option compiler="gcc" />
				<Compiler>
					<Add option="-O2" />
					<Add directory="src" />
				</Compiler>
				<Linker>
					<Add option="-s" />
				</Linker>
			</Target>
		</Build>
		<Compiler>
			<Add option="-Wall" />
			<Add option="-fexceptions" />
		</Compiler>
		<Unit filename="src/AllegroManager.cpp" />
		<Unit filename="src/AllegroManager.h" />
		<Unit filename="src/Arvore.cpp" />
		<Unit filename="src/Arvore.h" />
		<Unit filename="src/Baralho.cpp" />
		<Unit filename="src/Baralho.h" />
		<Unit filename="src/Carta.cpp" />
		<Unit filename="src/Carta.h" />
		<Unit filename="src/Game.cpp" />
		<Unit filename="src/Game.h" />
		<Unit filename="src/Jogada.h" />
		<Unit filename="src/List.h" />
		<Unit filename="src/Menu.cpp" />
		<Unit filename="src/Menu.h" />
		<Unit filename="src/Mesa.cpp" />
		<Unit filename="src/Mesa.h" />
		<Unit filename="src/No.cpp" />
		<Unit filename="src/No.h" />
		<Unit filename="src/Stack.h" />
		<Unit filename="src/Thread.cpp" />
		<Unit filename="src/Thread.h" />
		<Unit filename="src/Timer.cpp" />
		<Unit filename="src/Timer.h" />
		<Unit filename="src/main.cpp" />
		<Unit filename="src/stdafx.cpp" />
		<Unit filename="src/stdafx.h">
			<Option weight="0" />
			<Option target="&lt;{~None~}&gt;" />
		</Unit>
		<Extensions>
			<code_completion />
			<debugger />
			<envvars />
		</Extensions>
	</Project>
</CodeBlocks_project_file>
